{
  "nodes": {
    "nixpkgs": {
      "locked": {
        "lastModified": 1783535938,
        "narHash": "sha256-zxtqskHS1JveESgc7NX/z7v/XJ9q/oPTaH4s5MZrcdc=",
        "owner": "NixOS",
        "repo": "nixpkgs",
        "rev": "2b4b728c598fff722292310a5be945e390356061",
        "type": "github"
      },
      "original": {
        "owner": "NixOS",
        "repo": "nixpkgs",
        "rev": "2b4b728c598fff722292310a5be945e390356061",
        "type": "github"
      }
    },
    "root": {
      "inputs": {
        "nixpkgs": "nixpkgs"
      }
    }
  },
  "root": "root",
  "version": 7
}
